<?xml version="1.0" encoding="utf-8"?>
<Project ToolsVersion="4.0" xmlns="http://schemas.microsoft.com/developer/msbuild/2003">
  <ItemGroup>
    <Filter Include="Source Files">
      <UniqueIdentifier>{4FC737F1-C7A5-4376-A066-2A32D752A2FF}</UniqueIdentifier>
      <Extensions>cpp;c;cc;cxx;def;odl;idl;hpj;bat;asm;asmx</Extensions>
    </Filter>
    <Filter Include="Header Files">
      <UniqueIdentifier>{93995380-89BD-4b04-88EB-625FBE52EBFB}</UniqueIdentifier>
      <Extensions>h;hh;hpp;hxx;hm;inl;inc;ipp;xsd</Extensions>
    </Filter>
    <Filter Include="Resource Files">
      <UniqueIdentifier>{67DA6AB6-F800-4c08-8B7A-83BB121AAD01}</UniqueIdentifier>
      <Extensions>rc;ico;cur;bmp;dlg;rc2;rct;bin;rgs;gif;jpg;jpeg;jpe;resx;tiff;tif;png;wav;mfcribbon-ms</Extensions>
    </Filter>
  </ItemGroup>
  <ItemGroup>
    <ClCompile Include="Types\BooleanType.cpp">
      <Filter>Source Files</Filter>
    </ClCompile>
    <ClCompile Include="Types\BuiltinTypes.cpp">
      <Filter>Source Files</Filter>
    </ClCompile>
    <ClCompile Include="Types\FunctionType.cpp">
      <Filter>Source Files</Filter>
    </ClCompile>
    <ClCompile Include="Types\NumberType.cpp">
      <Filter>Source Files</Filter>
    </ClCompile>
    <ClCompile Include="Types\StringType.cpp">
      <Filter>Source Files</Filter>
    </ClCompile>
    <ClCompile Include="Value.cpp">
      <Filter>Source Files</Filter>
    </ClCompile>
    <ClCompile Include="VirtualMachine.cpp">
      <Filter>Source Files</Filter>
    </ClCompile>
    <ClCompile Include="yarn_spinner.pb.cc">
      <Filter>Source Files</Filter>
    </ClCompile>
  </ItemGroup>
  <ItemGroup>
    <ClInclude Include="Types\AnyType.hpp">
      <Filter>Header Files</Filter>
    </ClInclude>
    <ClInclude Include="Types\BooleanType.h">
      <Filter>Header Files</Filter>
    </ClInclude>
    <ClInclude Include="Types\BuiltinTypes.h">
      <Filter>Header Files</Filter>
    </ClInclude>
    <ClInclude Include="Types\FunctionType.h">
      <Filter>Header Files</Filter>
    </ClInclude>
    <ClInclude Include="Types\IBridgeableType.hpp">
      <Filter>Header Files</Filter>
    </ClInclude>
    <ClInclude Include="Types\IType.hpp">
      <Filter>Header Files</Filter>
    </ClInclude>
    <ClInclude Include="Types\NumberType.h">
      <Filter>Header Files</Filter>
    </ClInclude>
    <ClInclude Include="Types\StringType.h">
      <Filter>Header Files</Filter>
    </ClInclude>
    <ClInclude Include="Types\TypeBase.hpp">
      <Filter>Header Files</Filter>
    </ClInclude>
    <ClInclude Include="Value.h">
      <Filter>Header Files</Filter>
    </ClInclude>
    <ClInclude Include="VirtualMachine.h">
      <Filter>Header Files</Filter>
    </ClInclude>
    <ClInclude Include="yarn_spinner.pb.h">
      <Filter>Header Files</Filter>
    </ClInclude>
  </ItemGroup>
</Project>